
Microsoft Visual Studio Solution File, Format Version 12.00
Project("{FAE04EC0-301F-11D3-BF4B-00C04F79EFBC}") = "AspNetCoreGraphQL", "AspNetCoreGraphQL\AspNetCoreGraphQL.csproj", "{DE31B83F-CB77-48FE-9D3D-5E849F534B8C}"
EndProject
Global
	GlobalSection(SolutionConfigurationPlatforms) = preSolution
		Debug|Any CPU = Debug|Any CPU
		Release|Any CPU = Release|Any CPU
	EndGlobalSection
	GlobalSection(ProjectConfigurationPlatforms) = postSolution
		{DE31B83F-CB77-48FE-9D3D-5E849F534B8C}.Debug|Any CPU.ActiveCfg = Debug|Any CPU
		{DE31B83F-CB77-48FE-9D3D-5E849F534B8C}.Debug|Any CPU.Build.0 = Debug|Any CPU
		{DE31B83F-CB77-48FE-9D3D-5E849F534B8C}.Release|Any CPU.ActiveCfg = Release|Any CPU
		{DE31B83F-CB77-48FE-9D3D-5E849F534B8C}.Release|Any CPU.Build.0 = Release|Any CPU
	EndGlobalSection
EndGlobal
